
Microsoft Visual Studio Solution File, Format Version 12.00
# Visual Studio Version 17
VisualStudioVersion = 17.11.35219.272
MinimumVisualStudioVersion = 10.0.40219.1
Project("{888888A0-9F3D-457C-B088-3A5042F75D52}") = "a", "a\a.pyproj", "{AC2DFD2F-0086-471B-8BA7-F89E5D18B32B}"
EndProject
Global
	GlobalSection(SolutionConfigurationPlatforms) = preSolution
		Debug|Any CPU = Debug|Any CPU
		Release|Any CPU = Release|Any CPU
	EndGlobalSection
	GlobalSection(ProjectConfigurationPlatforms) = postSolution
		{AC2DFD2F-0086-471B-8BA7-F89E5D18B32B}.Debug|Any CPU.ActiveCfg = Debug|Any CPU
		{AC2DFD2F-0086-471B-8BA7-F89E5D18B32B}.Release|Any CPU.ActiveCfg = Release|Any CPU
	EndGlobalSection
	GlobalSection(SolutionProperties) = preSolution
		HideSolutionNode = FALSE
	EndGlobalSection
	GlobalSection(ExtensibilityGlobals) = postSolution
		SolutionGuid = {8BEA29CB-9DF6-470A-BF58-105FAD603B6C}
	EndGlobalSection
EndGlobal
